// !$*UTF8*$!
{
	archiveVersion = 1;
	classes = {
	};
	objectVersion = 50;
	objects = {

/* Begin PBXBuildFile section */
		25DFC3BE240F79FF002F5D01 /* AppDelegate.swift in Sources */ = {isa = PBXBuildFile; fileRef = 25DFC3BD240F79FF002F5D01 /* AppDelegate.swift */; };
		25DFC3C0240F79FF002F5D01 /* ViewController.swift in Sources */ = {isa = PBXBuildFile; fileRef = 25DFC3BF240F79FF002F5D01 /* ViewController.swift */; };
		25DFC3C3240F79FF002F5D01 /* Main.storyboard in Resources */ = {isa = PBXBuildFile; fileRef = 25DFC3C1240F79FF002F5D01 /* Main.storyboard */; };
		25DFC3C5240F7A01002F5D01 /* Assets.xcassets in Resources */ = {isa = PBXBuildFile; fileRef = 25DFC3C4240F7A01002F5D01 /* Assets.xcassets */; };
		25DFC3C8240F7A01002F5D01 /* LaunchScreen.storyboard in Resources */ = {isa = PBXBuildFile; fileRef = 25DFC3C6240F7A01002F5D01 /* LaunchScreen.storyboard */; };
		62743DF233102A731005D4E6 /* Pods_FontsApp.framework in Frameworks */ = {isa = PBXBuildFile; fileRef = 111A58F1A761ACEC91AFE6AE /* Pods_FontsApp.framework */; };
		84551BFC240F9AE300435841 /* BaseViewXib.swift in Sources */ = {isa = PBXBuildFile; fileRef = 84551BFB240F9AE300435841 /* BaseViewXib.swift */; };
		84551BFF240F9B5000435841 /* UIView+Extention.swift in Sources */ = {isa = PBXBuildFile; fileRef = 84551BFE240F9B5000435841 /* UIView+Extention.swift */; };
		84551C09240FA79000435841 /* KeyboardView.xib in Resources */ = {isa = PBXBuildFile; fileRef = 84551C08240FA79000435841 /* KeyboardView.xib */; };
		84551C0C240FA7E800435841 /* KeyboardView.swift in Sources */ = {isa = PBXBuildFile; fileRef = 84551C0B240FA7E800435841 /* KeyboardView.swift */; };
		84551C15240FA87300435841 /* KeyboardViewController.swift in Sources */ = {isa = PBXBuildFile; fileRef = 84551C14240FA87300435841 /* KeyboardViewController.swift */; };
		84551C19240FA87300435841 /* FontKeyboard.appex in Embed App Extensions */ = {isa = PBXBuildFile; fileRef = 84551C12240FA87300435841 /* FontKeyboard.appex */; settings = {ATTRIBUTES = (RemoveHeadersOnCopy, ); }; };
		84551C1D240FA8DE00435841 /* KeyboardView.xib in Resources */ = {isa = PBXBuildFile; fileRef = 84551C08240FA79000435841 /* KeyboardView.xib */; };
		84551C1E240FA8E000435841 /* KeyboardView.swift in Sources */ = {isa = PBXBuildFile; fileRef = 84551C0B240FA7E800435841 /* KeyboardView.swift */; };
		84551C1F240FA9A500435841 /* BaseViewXib.swift in Sources */ = {isa = PBXBuildFile; fileRef = 84551BFB240F9AE300435841 /* BaseViewXib.swift */; };
		84551C20240FA9A800435841 /* UIView+Extention.swift in Sources */ = {isa = PBXBuildFile; fileRef = 84551BFE240F9B5000435841 /* UIView+Extention.swift */; };
		84551C24240FEE6100435841 /* FontCollectionViewCell.swift in Sources */ = {isa = PBXBuildFile; fileRef = 84551C22240FEE6100435841 /* FontCollectionViewCell.swift */; };
		84551C25240FEE6100435841 /* FontCollectionViewCell.xib in Resources */ = {isa = PBXBuildFile; fileRef = 84551C23240FEE6100435841 /* FontCollectionViewCell.xib */; };
		84551C26240FEE6A00435841 /* FontCollectionViewCell.swift in Sources */ = {isa = PBXBuildFile; fileRef = 84551C22240FEE6100435841 /* FontCollectionViewCell.swift */; };
		84551C27240FEE7200435841 /* FontCollectionViewCell.xib in Resources */ = {isa = PBXBuildFile; fileRef = 84551C23240FEE6100435841 /* FontCollectionViewCell.xib */; };
		84B0431D24109E31005F621C /* Constants.swift in Sources */ = {isa = PBXBuildFile; fileRef = 84B0431C24109E31005F621C /* Constants.swift */; };
		84B0431E24109E3A005F621C /* Constants.swift in Sources */ = {isa = PBXBuildFile; fileRef = 84B0431C24109E31005F621C /* Constants.swift */; };
/* End PBXBuildFile section */

/* Begin PBXContainerItemProxy section */
		84551C17240FA87300435841 /* PBXContainerItemProxy */ = {
			isa = PBXContainerItemProxy;
			containerPortal = 25DFC3B2240F79FF002F5D01 /* Project object */;
			proxyType = 1;
			remoteGlobalIDString = 84551C11240FA87300435841;
			remoteInfo = FontKeyboard;
		};
/* End PBXContainerItemProxy section */

/* Begin PBXCopyFilesBuildPhase section */
		84551BEF240F988000435841 /* Embed App Extensions */ = {
			isa = PBXCopyFilesBuildPhase;
			buildActionMask = 2147483647;
			dstPath = "";
			dstSubfolderSpec = 13;
			files = (
				84551C19240FA87300435841 /* FontKeyboard.appex in Embed App Extensions */,
			);
			name = "Embed App Extensions";
			runOnlyForDeploymentPostprocessing = 0;
		};
/* End PBXCopyFilesBuildPhase section */

/* Begin PBXFileReference section */
		111A58F1A761ACEC91AFE6AE /* Pods_FontsApp.framework */ = {isa = PBXFileReference; explicitFileType = wrapper.framework; includeInIndex = 0; path = Pods_FontsApp.framework; sourceTree = BUILT_PRODUCTS_DIR; };
		25DFC3BA240F79FF002F5D01 /* FontsApp.app */ = {isa = PBXFileReference; explicitFileType = wrapper.application; includeInIndex = 0; path = FontsApp.app; sourceTree = BUILT_PRODUCTS_DIR; };
		25DFC3BD240F79FF002F5D01 /* AppDelegate.swift */ = {isa = PBXFileReference; lastKnownFileType = sourcecode.swift; path = AppDelegate.swift; sourceTree = "<group>"; };
		25DFC3BF240F79FF002F5D01 /* ViewController.swift */ = {isa = PBXFileReference; lastKnownFileType = sourcecode.swift; path = ViewController.swift; sourceTree = "<group>"; };
		25DFC3C2240F79FF002F5D01 /* Base */ = {isa = PBXFileReference; lastKnownFileType = file.storyboard; name = Base; path = Base.lproj/Main.storyboard; sourceTree = "<group>"; };
		25DFC3C4240F7A01002F5D01 /* Assets.xcassets */ = {isa = PBXFileReference; lastKnownFileType = folder.assetcatalog; path = Assets.xcassets; sourceTree = "<group>"; };
		25DFC3C7240F7A01002F5D01 /* Base */ = {isa = PBXFileReference; lastKnownFileType = file.storyboard; name = Base; path = Base.lproj/LaunchScreen.storyboard; sourceTree = "<group>"; };
		25DFC3C9240F7A01002F5D01 /* Info.plist */ = {isa = PBXFileReference; lastKnownFileType = text.plist.xml; path = Info.plist; sourceTree = "<group>"; };
		4140E012971DD2994E91065B /* Pods-FontsApp.release.xcconfig */ = {isa = PBXFileReference; includeInIndex = 1; lastKnownFileType = text.xcconfig; name = "Pods-FontsApp.release.xcconfig"; path = "Target Support Files/Pods-FontsApp/Pods-FontsApp.release.xcconfig"; sourceTree = "<group>"; };
		4D63F2451C5930DBC60F5530 /* Pods-FontsApp.debug.xcconfig */ = {isa = PBXFileReference; includeInIndex = 1; lastKnownFileType = text.xcconfig; name = "Pods-FontsApp.debug.xcconfig"; path = "Target Support Files/Pods-FontsApp/Pods-FontsApp.debug.xcconfig"; sourceTree = "<group>"; };
		84551BFB240F9AE300435841 /* BaseViewXib.swift */ = {isa = PBXFileReference; lastKnownFileType = sourcecode.swift; path = BaseViewXib.swift; sourceTree = "<group>"; };
		84551BFE240F9B5000435841 /* UIView+Extention.swift */ = {isa = PBXFileReference; lastKnownFileType = sourcecode.swift; path = "UIView+Extention.swift"; sourceTree = "<group>"; };
		84551C08240FA79000435841 /* KeyboardView.xib */ = {isa = PBXFileReference; lastKnownFileType = file.xib; path = KeyboardView.xib; sourceTree = "<group>"; };
		84551C0B240FA7E800435841 /* KeyboardView.swift */ = {isa = PBXFileReference; lastKnownFileType = sourcecode.swift; path = KeyboardView.swift; sourceTree = "<group>"; };
		84551C12240FA87300435841 /* FontKeyboard.appex */ = {isa = PBXFileReference; explicitFileType = "wrapper.app-extension"; includeInIndex = 0; path = FontKeyboard.appex; sourceTree = BUILT_PRODUCTS_DIR; };
		84551C14240FA87300435841 /* KeyboardViewController.swift */ = {isa = PBXFileReference; lastKnownFileType = sourcecode.swift; path = KeyboardViewController.swift; sourceTree = "<group>"; };
		84551C16240FA87300435841 /* Info.plist */ = {isa = PBXFileReference; lastKnownFileType = text.plist.xml; path = Info.plist; sourceTree = "<group>"; };
		84551C22240FEE6100435841 /* FontCollectionViewCell.swift */ = {isa = PBXFileReference; lastKnownFileType = sourcecode.swift; path = FontCollectionViewCell.swift; sourceTree = "<group>"; };
		84551C23240FEE6100435841 /* FontCollectionViewCell.xib */ = {isa = PBXFileReference; lastKnownFileType = file.xib; path = FontCollectionViewCell.xib; sourceTree = "<group>"; };
		84B0431C24109E31005F621C /* Constants.swift */ = {isa = PBXFileReference; lastKnownFileType = sourcecode.swift; path = Constants.swift; sourceTree = "<group>"; };
/* End PBXFileReference section */

/* Begin PBXFrameworksBuildPhase section */
		25DFC3B7240F79FF002F5D01 /* Frameworks */ = {
			isa = PBXFrameworksBuildPhase;
			buildActionMask = 2147483647;
			files = (
				62743DF233102A731005D4E6 /* Pods_FontsApp.framework in Frameworks */,
			);
			runOnlyForDeploymentPostprocessing = 0;
		};
		84551C0F240FA87300435841 /* Frameworks */ = {
			isa = PBXFrameworksBuildPhase;
			buildActionMask = 2147483647;
			files = (
			);
			runOnlyForDeploymentPostprocessing = 0;
		};
/* End PBXFrameworksBuildPhase section */

/* Begin PBXGroup section */
		09C56C034D6E2E4BF2123660 /* Pods */ = {
			isa = PBXGroup;
			children = (
				4D63F2451C5930DBC60F5530 /* Pods-FontsApp.debug.xcconfig */,
				4140E012971DD2994E91065B /* Pods-FontsApp.release.xcconfig */,
			);
			path = Pods;
			sourceTree = "<group>";
		};
		25DFC3B1240F79FF002F5D01 = {
			isa = PBXGroup;
			children = (
				25DFC3BC240F79FF002F5D01 /* FontsApp */,
				84551C13240FA87300435841 /* FontKeyboard */,
				25DFC3BB240F79FF002F5D01 /* Products */,
				09C56C034D6E2E4BF2123660 /* Pods */,
				DB38EDE6F7C3A57A1F1617DC /* Frameworks */,
			);
			sourceTree = "<group>";
		};
		25DFC3BB240F79FF002F5D01 /* Products */ = {
			isa = PBXGroup;
			children = (
				25DFC3BA240F79FF002F5D01 /* FontsApp.app */,
				84551C12240FA87300435841 /* FontKeyboard.appex */,
			);
			name = Products;
			sourceTree = "<group>";
		};
		25DFC3BC240F79FF002F5D01 /* FontsApp */ = {
			isa = PBXGroup;
			children = (
				84B0431B24109E1E005F621C /* Constant */,
				84551BF9240F9AC500435841 /* Components */,
				84551BF4240F9A3E00435841 /* Views */,
				25DFC3BD240F79FF002F5D01 /* AppDelegate.swift */,
				25DFC3BF240F79FF002F5D01 /* ViewController.swift */,
				25DFC3C1240F79FF002F5D01 /* Main.storyboard */,
				25DFC3C4240F7A01002F5D01 /* Assets.xcassets */,
				25DFC3C6240F7A01002F5D01 /* LaunchScreen.storyboard */,
				25DFC3C9240F7A01002F5D01 /* Info.plist */,
			);
			path = FontsApp;
			sourceTree = "<group>";
		};
		84551BF4240F9A3E00435841 /* Views */ = {
			isa = PBXGroup;
			children = (
				84551C21240FEE4700435841 /* Cell */,
				84551C0B240FA7E800435841 /* KeyboardView.swift */,
				84551C08240FA79000435841 /* KeyboardView.xib */,
			);
			path = Views;
			sourceTree = "<group>";
		};
		84551BF9240F9AC500435841 /* Components */ = {
			isa = PBXGroup;
			children = (
				84551BFD240F9B3E00435841 /* Extension */,
				84551BFA240F9ACD00435841 /* Base */,
			);
			path = Components;
			sourceTree = "<group>";
		};
		84551BFA240F9ACD00435841 /* Base */ = {
			isa = PBXGroup;
			children = (
				84551BFB240F9AE300435841 /* BaseViewXib.swift */,
			);
			path = Base;
			sourceTree = "<group>";
		};
		84551BFD240F9B3E00435841 /* Extension */ = {
			isa = PBXGroup;
			children = (
				84551BFE240F9B5000435841 /* UIView+Extention.swift */,
			);
			path = Extension;
			sourceTree = "<group>";
		};
		84551C13240FA87300435841 /* FontKeyboard */ = {
			isa = PBXGroup;
			children = (
				84551C14240FA87300435841 /* KeyboardViewController.swift */,
				84551C16240FA87300435841 /* Info.plist */,
			);
			path = FontKeyboard;
			sourceTree = "<group>";
		};
		84551C21240FEE4700435841 /* Cell */ = {
			isa = PBXGroup;
			children = (
				84551C22240FEE6100435841 /* FontCollectionViewCell.swift */,
				84551C23240FEE6100435841 /* FontCollectionViewCell.xib */,
			);
			path = Cell;
			sourceTree = "<group>";
		};
		84B0431B24109E1E005F621C /* Constant */ = {
			isa = PBXGroup;
			children = (
				84B0431C24109E31005F621C /* Constants.swift */,
			);
			path = Constant;
			sourceTree = "<group>";
		};
		DB38EDE6F7C3A57A1F1617DC /* Frameworks */ = {
			isa = PBXGroup;
			children = (
				111A58F1A761ACEC91AFE6AE /* Pods_FontsApp.framework */,
			);
			name = Frameworks;
			sourceTree = "<group>";
		};
/* End PBXGroup section */

/* Begin PBXNativeTarget section */
		25DFC3B9240F79FF002F5D01 /* FontsApp */ = {
			isa = PBXNativeTarget;
			buildConfigurationList = 25DFC3CC240F7A01002F5D01 /* Build configuration list for PBXNativeTarget "FontsApp" */;
			buildPhases = (
				DCC690B9881C19F2898B8874 /* [CP] Check Pods Manifest.lock */,
				25DFC3B6240F79FF002F5D01 /* Sources */,
				25DFC3B7240F79FF002F5D01 /* Frameworks */,
				25DFC3B8240F79FF002F5D01 /* Resources */,
				84551BEF240F988000435841 /* Embed App Extensions */,
			);
			buildRules = (
			);
			dependencies = (
				84551C18240FA87300435841 /* PBXTargetDependency */,
			);
			name = FontsApp;
			productName = FontsApp;
			productReference = 25DFC3BA240F79FF002F5D01 /* FontsApp.app */;
			productType = "com.apple.product-type.application";
		};
		84551C11240FA87300435841 /* FontKeyboard */ = {
			isa = PBXNativeTarget;
			buildConfigurationList = 84551C1A240FA87300435841 /* Build configuration list for PBXNativeTarget "FontKeyboard" */;
			buildPhases = (
				84551C0E240FA87300435841 /* Sources */,
				84551C0F240FA87300435841 /* Frameworks */,
				84551C10240FA87300435841 /* Resources */,
			);
			buildRules = (
			);
			dependencies = (
			);
			name = FontKeyboard;
			productName = FontKeyboard;
			productReference = 84551C12240FA87300435841 /* FontKeyboard.appex */;
			productType = "com.apple.product-type.app-extension";
		};
/* End PBXNativeTarget section */

/* Begin PBXProject section */
		25DFC3B2240F79FF002F5D01 /* Project object */ = {
			isa = PBXProject;
			attributes = {
				LastSwiftUpdateCheck = 1120;
				LastUpgradeCheck = 1030;
				ORGANIZATIONNAME = SangNX;
				TargetAttributes = {
					25DFC3B9240F79FF002F5D01 = {
						CreatedOnToolsVersion = 10.3;
					};
					84551C11240FA87300435841 = {
						CreatedOnToolsVersion = 11.2.1;
					};
				};
			};
			buildConfigurationList = 25DFC3B5240F79FF002F5D01 /* Build configuration list for PBXProject "FontsApp" */;
			compatibilityVersion = "Xcode 9.3";
			developmentRegion = en;
			hasScannedForEncodings = 0;
			knownRegions = (
				en,
				Base,
			);
			mainGroup = 25DFC3B1240F79FF002F5D01;
			productRefGroup = 25DFC3BB240F79FF002F5D01 /* Products */;
			projectDirPath = "";
			projectRoot = "";
			targets = (
				25DFC3B9240F79FF002F5D01 /* FontsApp */,
				84551C11240FA87300435841 /* FontKeyboard */,
			);
		};
/* End PBXProject section */

/* Begin PBXResourcesBuildPhase section */
		25DFC3B8240F79FF002F5D01 /* Resources */ = {
			isa = PBXResourcesBuildPhase;
			buildActionMask = 2147483647;
			files = (
				25DFC3C8240F7A01002F5D01 /* LaunchScreen.storyboard in Resources */,
				84551C09240FA79000435841 /* KeyboardView.xib in Resources */,
				25DFC3C5240F7A01002F5D01 /* Assets.xcassets in Resources */,
				25DFC3C3240F79FF002F5D01 /* Main.storyboard in Resources */,
				84551C25240FEE6100435841 /* FontCollectionViewCell.xib in Resources */,
			);
			runOnlyForDeploymentPostprocessing = 0;
		};
		84551C10240FA87300435841 /* Resources */ = {
			isa = PBXResourcesBuildPhase;
			buildActionMask = 2147483647;
			files = (
				84551C1D240FA8DE00435841 /* KeyboardView.xib in Resources */,
				84551C27240FEE7200435841 /* FontCollectionViewCell.xib in Resources */,
			);
			runOnlyForDeploymentPostprocessing = 0;
		};
/* End PBXResourcesBuildPhase section */

/* Begin PBXShellScriptBuildPhase section */
		DCC690B9881C19F2898B8874 /* [CP] Check Pods Manifest.lock */ = {
			isa = PBXShellScriptBuildPhase;
			buildActionMask = 2147483647;
			files = (
			);
			inputFileListPaths = (
			);
			inputPaths = (
				"${PODS_PODFILE_DIR_PATH}/Podfile.lock",
				"${PODS_ROOT}/Manifest.lock",
			);
			name = "[CP] Check Pods Manifest.lock";
			outputFileListPaths = (
			);
			outputPaths = (
				"$(DERIVED_FILE_DIR)/Pods-FontsApp-checkManifestLockResult.txt",
			);
			runOnlyForDeploymentPostprocessing = 0;
			shellPath = /bin/sh;
			shellScript = "diff \"${PODS_PODFILE_DIR_PATH}/Podfile.lock\" \"${PODS_ROOT}/Manifest.lock\" > /dev/null\nif [ $? != 0 ] ; then\n    # print error to STDERR\n    echo \"error: The sandbox is not in sync with the Podfile.lock. Run 'pod install' or update your CocoaPods installation.\" >&2\n    exit 1\nfi\n# This output is used by Xcode 'outputs' to avoid re-running this script phase.\necho \"SUCCESS\" > \"${SCRIPT_OUTPUT_FILE_0}\"\n";
			showEnvVarsInLog = 0;
		};
/* End PBXShellScriptBuildPhase section */

/* Begin PBXSourcesBuildPhase section */
		25DFC3B6240F79FF002F5D01 /* Sources */ = {
			isa = PBXSourcesBuildPhase;
			buildActionMask = 2147483647;
			files = (
				84551BFC240F9AE300435841 /* BaseViewXib.swift in Sources */,
				84551BFF240F9B5000435841 /* UIView+Extention.swift in Sources */,
				25DFC3C0240F79FF002F5D01 /* ViewController.swift in Sources */,
				84551C0C240FA7E800435841 /* KeyboardView.swift in Sources */,
				84B0431D24109E31005F621C /* Constants.swift in Sources */,
				25DFC3BE240F79FF002F5D01 /* AppDelegate.swift in Sources */,
				84551C24240FEE6100435841 /* FontCollectionViewCell.swift in Sources */,
			);
			runOnlyForDeploymentPostprocessing = 0;
		};
		84551C0E240FA87300435841 /* Sources */ = {
			isa = PBXSourcesBuildPhase;
			buildActionMask = 2147483647;
			files = (
				84551C15240FA87300435841 /* KeyboardViewController.swift in Sources */,
				84551C26240FEE6A00435841 /* FontCollectionViewCell.swift in Sources */,
				84551C1E240FA8E000435841 /* KeyboardView.swift in Sources */,
				84551C1F240FA9A500435841 /* BaseViewXib.swift in Sources */,
				84551C20240FA9A800435841 /* UIView+Extention.swift in Sources */,
				84B0431E24109E3A005F621C /* Constants.swift in Sources */,
			);
			runOnlyForDeploymentPostprocessing = 0;
		};
/* End PBXSourcesBuildPhase section */

/* Begin PBXTargetDependency section */
		84551C18240FA87300435841 /* PBXTargetDependency */ = {
			isa = PBXTargetDependency;
			target = 84551C11240FA87300435841 /* FontKeyboard */;
			targetProxy = 84551C17240FA87300435841 /* PBXContainerItemProxy */;
		};
/* End PBXTargetDependency section */

/* Begin PBXVariantGroup section */
		25DFC3C1240F79FF002F5D01 /* Main.storyboard */ = {
			isa = PBXVariantGroup;
			children = (
				25DFC3C2240F79FF002F5D01 /* Base */,
			);
			name = Main.storyboard;
			sourceTree = "<group>";
		};
		25DFC3C6240F7A01002F5D01 /* LaunchScreen.storyboard */ = {
			isa = PBXVariantGroup;
			children = (
				25DFC3C7240F7A01002F5D01 /* Base */,
			);
			name = LaunchScreen.storyboard;
			sourceTree = "<group>";
		};
/* End PBXVariantGroup section */

/* Begin XCBuildConfiguration section */
		25DFC3CA240F7A01002F5D01 /* Debug */ = {
			isa = XCBuildConfiguration;
			buildSettings = {
				ALWAYS_SEARCH_USER_PATHS = NO;
				CLANG_ANALYZER_NONNULL = YES;
				CLANG_ANALYZER_NUMBER_OBJECT_CONVERSION = YES_AGGRESSIVE;
				CLANG_CXX_LANGUAGE_STANDARD = "gnu++14";
				CLANG_CXX_LIBRARY = "libc++";
				CLANG_ENABLE_MODULES = YES;
				CLANG_ENABLE_OBJC_ARC = YES;
				CLANG_ENABLE_OBJC_WEAK = YES;
				CLANG_WARN_BLOCK_CAPTURE_AUTORELEASING = YES;
				CLANG_WARN_BOOL_CONVERSION = YES;
				CLANG_WARN_COMMA = YES;
				CLANG_WARN_CONSTANT_CONVERSION = YES;
				CLANG_WARN_DEPRECATED_OBJC_IMPLEMENTATIONS = YES;
				CLANG_WARN_DIRECT_OBJC_ISA_USAGE = YES_ERROR;
				CLANG_WARN_DOCUMENTATION_COMMENTS = YES;
				CLANG_WARN_EMPTY_BODY = YES;
				CLANG_WARN_ENUM_CONVERSION = YES;
				CLANG_WARN_INFINITE_RECURSION = YES;
				CLANG_WARN_INT_CONVERSION = YES;
				CLANG_WARN_NON_LITERAL_NULL_CONVERSION = YES;
				CLANG_WARN_OBJC_IMPLICIT_RETAIN_SELF = YES;
				CLANG_WARN_OBJC_LITERAL_CONVERSION = YES;
				CLANG_WARN_OBJC_ROOT_CLASS = YES_ERROR;
				CLANG_WARN_RANGE_LOOP_ANALYSIS = YES;
				CLANG_WARN_STRICT_PROTOTYPES = YES;
				CLANG_WARN_SUSPICIOUS_MOVE = YES;
				CLANG_WARN_UNGUARDED_AVAILABILITY = YES_AGGRESSIVE;
				CLANG_WARN_UNREACHABLE_CODE = YES;
				CLANG_WARN__DUPLICATE_METHOD_MATCH = YES;
				CODE_SIGN_IDENTITY = "iPhone Developer";
				COPY_PHASE_STRIP = NO;
				DEBUG_INFORMATION_FORMAT = dwarf;
				ENABLE_STRICT_OBJC_MSGSEND = YES;
				ENABLE_TESTABILITY = YES;
				GCC_C_LANGUAGE_STANDARD = gnu11;
				GCC_DYNAMIC_NO_PIC = NO;
				GCC_NO_COMMON_BLOCKS = YES;
				GCC_OPTIMIZATION_LEVEL = 0;
				GCC_PREPROCESSOR_DEFINITIONS = (
					"DEBUG=1",
					"$(inherited)",
				);
				GCC_WARN_64_TO_32_BIT_CONVERSION = YES;
				GCC_WARN_ABOUT_RETURN_TYPE = YES_ERROR;
				GCC_WARN_UNDECLARED_SELECTOR = YES;
				GCC_WARN_UNINITIALIZED_AUTOS = YES_AGGRESSIVE;
				GCC_WARN_UNUSED_FUNCTION = YES;
				GCC_WARN_UNUSED_VARIABLE = YES;
				IPHONEOS_DEPLOYMENT_TARGET = 12.4;
				MTL_ENABLE_DEBUG_INFO = INCLUDE_SOURCE;
				MTL_FAST_MATH = YES;
				ONLY_ACTIVE_ARCH = YES;
				SDKROOT = iphoneos;
				SWIFT_ACTIVE_COMPILATION_CONDITIONS = DEBUG;
				SWIFT_OPTIMIZATION_LEVEL = "-Onone";
			};
			name = Debug;
		};
		25DFC3CB240F7A01002F5D01 /* Release */ = {
			isa = XCBuildConfiguration;
			buildSettings = {
				ALWAYS_SEARCH_USER_PATHS = NO;
				CLANG_ANALYZER_NONNULL = YES;
				CLANG_ANALYZER_NUMBER_OBJECT_CONVERSION = YES_AGGRESSIVE;
				CLANG_CXX_LANGUAGE_STANDARD = "gnu++14";
				CLANG_CXX_LIBRARY = "libc++";
				CLANG_ENABLE_MODULES = YES;
				CLANG_ENABLE_OBJC_ARC = YES;
				CLANG_ENABLE_OBJC_WEAK = YES;
				CLANG_WARN_BLOCK_CAPTURE_AUTORELEASING = YES;
				CLANG_WARN_BOOL_CONVERSION = YES;
				CLANG_WARN_COMMA = YES;
				CLANG_WARN_CONSTANT_CONVERSION = YES;
				CLANG_WARN_DEPRECATED_OBJC_IMPLEMENTATIONS = YES;
				CLANG_WARN_DIRECT_OBJC_ISA_USAGE = YES_ERROR;
				CLANG_WARN_DOCUMENTATION_COMMENTS = YES;
				CLANG_WARN_EMPTY_BODY = YES;
				CLANG_WARN_ENUM_CONVERSION = YES;
				CLANG_WARN_INFINITE_RECURSION = YES;
				CLANG_WARN_INT_CONVERSION = YES;
				CLANG_WARN_NON_LITERAL_NULL_CONVERSION = YES;
				CLANG_WARN_OBJC_IMPLICIT_RETAIN_SELF = YES;
				CLANG_WARN_OBJC_LITERAL_CONVERSION = YES;
				CLANG_WARN_OBJC_ROOT_CLASS = YES_ERROR;
				CLANG_WARN_RANGE_LOOP_ANALYSIS = YES;
				CLANG_WARN_STRICT_PROTOTYPES = YES;
				CLANG_WARN_SUSPICIOUS_MOVE = YES;
				CLANG_WARN_UNGUARDED_AVAILABILITY = YES_AGGRESSIVE;
				CLANG_WARN_UNREACHABLE_CODE = YES;
				CLANG_WARN__DUPLICATE_METHOD_MATCH = YES;
				CODE_SIGN_IDENTITY = "iPhone Developer";
				COPY_PHASE_STRIP = NO;
				DEBUG_INFORMATION_FORMAT = "dwarf-with-dsym";
				ENABLE_NS_ASSERTIONS = NO;
				ENABLE_STRICT_OBJC_MSGSEND = YES;
				GCC_C_LANGUAGE_STANDARD = gnu11;
				GCC_NO_COMMON_BLOCKS = YES;
				GCC_WARN_64_TO_32_BIT_CONVERSION = YES;
				GCC_WARN_ABOUT_RETURN_TYPE = YES_ERROR;
				GCC_WARN_UNDECLARED_SELECTOR = YES;
				GCC_WARN_UNINITIALIZED_AUTOS = YES_AGGRESSIVE;
				GCC_WARN_UNUSED_FUNCTION = YES;
				GCC_WARN_UNUSED_VARIABLE = YES;
				IPHONEOS_DEPLOYMENT_TARGET = 12.4;
				MTL_ENABLE_DEBUG_INFO = NO;
				MTL_FAST_MATH = YES;
				SDKROOT = iphoneos;
				SWIFT_COMPILATION_MODE = wholemodule;
				SWIFT_OPTIMIZATION_LEVEL = "-O";
				VALIDATE_PRODUCT = YES;
			};
			name = Release;
		};
		25DFC3CD240F7A01002F5D01 /* Debug */ = {
			isa = XCBuildConfiguration;
			baseConfigurationReference = 4D63F2451C5930DBC60F5530 /* Pods-FontsApp.debug.xcconfig */;
			buildSettings = {
				ALWAYS_EMBED_SWIFT_STANDARD_LIBRARIES = YES;
				ASSETCATALOG_COMPILER_APPICON_NAME = AppIcon;
				CODE_SIGN_STYLE = Automatic;
				INFOPLIST_FILE = FontsApp/Info.plist;
				LD_RUNPATH_SEARCH_PATHS = (
					"$(inherited)",
					"@executable_path/Frameworks",
				);
				PRODUCT_BUNDLE_IDENTIFIER = SangNX.FontsApp;
				PRODUCT_NAME = "$(TARGET_NAME)";
				SWIFT_VERSION = 5.0;
				TARGETED_DEVICE_FAMILY = "1,2";
			};
			name = Debug;
		};
		25DFC3CE240F7A01002F5D01 /* Release */ = {
			isa = XCBuildConfiguration;
			baseConfigurationReference = 4140E012971DD2994E91065B /* Pods-FontsApp.release.xcconfig */;
			buildSettings = {
				ALWAYS_EMBED_SWIFT_STANDARD_LIBRARIES = YES;
				ASSETCATALOG_COMPILER_APPICON_NAME = AppIcon;
				CODE_SIGN_STYLE = Automatic;
				INFOPLIST_FILE = FontsApp/Info.plist;
				LD_RUNPATH_SEARCH_PATHS = (
					"$(inherited)",
					"@executable_path/Frameworks",
				);
				PRODUCT_BUNDLE_IDENTIFIER = SangNX.FontsApp;
				PRODUCT_NAME = "$(TARGET_NAME)";
				SWIFT_VERSION = 5.0;
				TARGETED_DEVICE_FAMILY = "1,2";
			};
			name = Release;
		};
		84551C1B240FA87300435841 /* Debug */ = {
			isa = XCBuildConfiguration;
			buildSettings = {
				CODE_SIGN_STYLE = Automatic;
				INFOPLIST_FILE = FontKeyboard/Info.plist;
				IPHONEOS_DEPLOYMENT_TARGET = 12.4;
				LD_RUNPATH_SEARCH_PATHS = (
					"$(inherited)",
					"@executable_path/Frameworks",
					"@executable_path/../../Frameworks",
				);
				PRODUCT_BUNDLE_IDENTIFIER = SangNX.FontsApp.FontKeyboard;
				PRODUCT_NAME = "$(TARGET_NAME)";
				SKIP_INSTALL = YES;
				SWIFT_VERSION = 5.0;
				TARGETED_DEVICE_FAMILY = "1,2";
			};
			name = Debug;
		};
		84551C1C240FA87300435841 /* Release */ = {
			isa = XCBuildConfiguration;
			buildSettings = {
				CODE_SIGN_STYLE = Automatic;
				INFOPLIST_FILE = FontKeyboard/Info.plist;
				IPHONEOS_DEPLOYMENT_TARGET = 12.4;
				LD_RUNPATH_SEARCH_PATHS = (
					"$(inherited)",
					"@executable_path/Frameworks",
					"@executable_path/../../Frameworks",
				);
				PRODUCT_BUNDLE_IDENTIFIER = SangNX.FontsApp.FontKeyboard;
				PRODUCT_NAME = "$(TARGET_NAME)";
				SKIP_INSTALL = YES;
				SWIFT_VERSION = 5.0;
				TARGETED_DEVICE_FAMILY = "1,2";
			};
			name = Release;
		};
/* End XCBuildConfiguration section */

/* Begin XCConfigurationList section */
		25DFC3B5240F79FF002F5D01 /* Build configuration list for PBXProject "FontsApp" */ = {
			isa = XCConfigurationList;
			buildConfigurations = (
				25DFC3CA240F7A01002F5D01 /* Debug */,
				25DFC3CB240F7A01002F5D01 /* Release */,
			);
			defaultConfigurationIsVisible = 0;
			defaultConfigurationName = Release;
		};
		25DFC3CC240F7A01002F5D01 /* Build configuration list for PBXNativeTarget "FontsApp" */ = {
			isa = XCConfigurationList;
			buildConfigurations = (
				25DFC3CD240F7A01002F5D01 /* Debug */,
				25DFC3CE240F7A01002F5D01 /* Release */,
			);
			defaultConfigurationIsVisible = 0;
			defaultConfigurationName = Release;
		};
		84551C1A240FA87300435841 /* Build configuration list for PBXNativeTarget "FontKeyboard" */ = {
			isa = XCConfigurationList;
			buildConfigurations = (
				84551C1B240FA87300435841 /* Debug */,
				84551C1C240FA87300435841 /* Release */,
			);
			defaultConfigurationIsVisible = 0;
			defaultConfigurationName = Release;
		};
/* End XCConfigurationList section */
	};
	rootObject = 25DFC3B2240F79FF002F5D01 /* Project object */;
}
